
Microsoft Visual Studio Solution File, Format Version 12.00
# Visual Studio Version 16
VisualStudioVersion = 16.0.31624.102
MinimumVisualStudioVersion = 10.0.40219.1
Project("{FAE04EC0-301F-11D3-BF4B-00C04F79EFBC}") = "MoneyMachineConsole", "MoneyMachineConsole.csproj", "{D303AFE8-AEC3-4514-9268-E8BA3D5F025B}"
EndProject
Global
	GlobalSection(SolutionConfigurationPlatforms) = preSolution
		Debug|Any CPU = Debug|Any CPU
		Release|Any CPU = Release|Any CPU
	EndGlobalSection
	GlobalSection(ProjectConfigurationPlatforms) = postSolution
		{D303AFE8-AEC3-4514-9268-E8BA3D5F025B}.Debug|Any CPU.ActiveCfg = Debug|Any CPU
		{D303AFE8-AEC3-4514-9268-E8BA3D5F025B}.Debug|Any CPU.Build.0 = Debug|Any CPU
		{D303AFE8-AEC3-4514-9268-E8BA3D5F025B}.Release|Any CPU.ActiveCfg = Release|Any CPU
		{D303AFE8-AEC3-4514-9268-E8BA3D5F025B}.Release|Any CPU.Build.0 = Release|Any CPU
	EndGlobalSection
	GlobalSection(SolutionProperties) = preSolution
		HideSolutionNode = FALSE
	EndGlobalSection
	GlobalSection(ExtensibilityGlobals) = postSolution
		SolutionGuid = {3645A425-3B7C-49BF-8579-27C5F8F1C0DB}
	EndGlobalSection
EndGlobal
